
Microsoft Visual Studio Solution File, Format Version 12.00
# Visual Studio Version 17
VisualStudioVersion = 17.11.35303.130
MinimumVisualStudioVersion = 10.0.40219.1
Project("{2150E333-8FDC-42A3-9474-1A3956D46DE8}") = "Task0", "Task0", "{ECC40811-DCD8-4092-96EB-A31C80EE1569}"
EndProject
Project("{9A19103F-16F7-4668-BE54-9A1E7A4F7556}") = "Tyuiu.DanilovAS.Sprint5.Task0.V12", "Tyuiu.DanilovAS.Sprint5.Task0.V12\Tyuiu.DanilovAS.Sprint5.Task0.V12.csproj", "{4CFB6C1E-61A1-42F1-A1B4-B5A6682EBA72}"
EndProject
Project("{9A19103F-16F7-4668-BE54-9A1E7A4F7556}") = "Tyuiu.DanilovAS.Sprint5.Task0.V12.Lib", "Tyuiu.DanilovAS.Sprint5.Task0.V12.Lib\Tyuiu.DanilovAS.Sprint5.Task0.V12.Lib.csproj", "{8D16E5D6-E3F7-44B9-98D2-4DE5B35B0E2A}"
EndProject
Project("{9A19103F-16F7-4668-BE54-9A1E7A4F7556}") = "Tyuiu.DanilovAS.Sprint5.Task0.V12.Test", "Tyuiu.DanilovAS.Sprint5.Task0.V12.Test\Tyuiu.DanilovAS.Sprint5.Task0.V12.Test.csproj", "{97BB0852-6537-4AE5-8EF2-96B812834D7F}"
EndProject
Project("{2150E333-8FDC-42A3-9474-1A3956D46DE8}") = "Task1", "Task1", "{69BB4D18-DB58-452B-A050-A8DCD6225E23}"
EndProject
Project("{FAE04EC0-301F-11D3-BF4B-00C04F79EFBC}") = "Tyuiu.DanilovAS.Sprint5.Task1.V14", "Tyuiu.DanilovAS.Sprint5.Task1.V14\Tyuiu.DanilovAS.Sprint5.Task1.V14.csproj", "{F2AC8283-FDE4-4F18-B76C-C28579956B8C}"
EndProject
Project("{FAE04EC0-301F-11D3-BF4B-00C04F79EFBC}") = "Tyuiu.DanilovAS.Sprint5.Task1.V14.Lib", "Tyuiu.DanilovAS.Sprint5.Task1.V14.Lib\Tyuiu.DanilovAS.Sprint5.Task1.V14.Lib.csproj", "{8DF7C043-730E-4362-AF90-0A58AF6C1A88}"
EndProject
Project("{FAE04EC0-301F-11D3-BF4B-00C04F79EFBC}") = "Tyuiu.DanilovAS.Sprint5.Task1.V14.Test", "Tyuiu.DanilovAS.Sprint5.Task1.V14.Test\Tyuiu.DanilovAS.Sprint5.Task1.V14.Test.csproj", "{1D3D7C32-0A95-4143-8125-D7C400C80B8B}"
EndProject
Project("{2150E333-8FDC-42A3-9474-1A3956D46DE8}") = "Task2", "Task2", "{B2D6DF7E-C256-4963-B1C8-610FA2CE5E0D}"
EndProject
Project("{FAE04EC0-301F-11D3-BF4B-00C04F79EFBC}") = "Tyuiu.DanilovAS.Sprint5.Task2.V9", "Tyuiu.DanilovAS.Sprint5.Task2.V9\Tyuiu.DanilovAS.Sprint5.Task2.V9.csproj", "{AA22AD9A-DC22-41B7-B12D-A0D3E9CAD61F}"
EndProject
Project("{FAE04EC0-301F-11D3-BF4B-00C04F79EFBC}") = "Tyuiu.DanilovAS.Sprint5.Task2.V9.Lib", "Tyuiu.DanilovAS.Sprint5.Task2.V9.Lib\Tyuiu.DanilovAS.Sprint5.Task2.V9.Lib.csproj", "{86AF7802-DBCF-4C08-9325-C37E0548C181}"
EndProject
Project("{FAE04EC0-301F-11D3-BF4B-00C04F79EFBC}") = "Tyuiu.DanilovAS.Sprint5.Task2.V9.Test", "Tyuiu.DanilovAS.Sprint5.Task2.V9.Test\Tyuiu.DanilovAS.Sprint5.Task2.V9.Test.csproj", "{B48EDFE8-A402-490A-B3DF-D7BE9EA5950A}"
EndProject
Global
	GlobalSection(SolutionConfigurationPlatforms) = preSolution
		Debug|Any CPU = Debug|Any CPU
		Release|Any CPU = Release|Any CPU
	EndGlobalSection
	GlobalSection(ProjectConfigurationPlatforms) = postSolution
		{4CFB6C1E-61A1-42F1-A1B4-B5A6682EBA72}.Debug|Any CPU.ActiveCfg = Debug|Any CPU
		{4CFB6C1E-61A1-42F1-A1B4-B5A6682EBA72}.Debug|Any CPU.Build.0 = Debug|Any CPU
		{4CFB6C1E-61A1-42F1-A1B4-B5A6682EBA72}.Release|Any CPU.ActiveCfg = Release|Any CPU
		{4CFB6C1E-61A1-42F1-A1B4-B5A6682EBA72}.Release|Any CPU.Build.0 = Release|Any CPU
		{8D16E5D6-E3F7-44B9-98D2-4DE5B35B0E2A}.Debug|Any CPU.ActiveCfg = Debug|Any CPU
		{8D16E5D6-E3F7-44B9-98D2-4DE5B35B0E2A}.Debug|Any CPU.Build.0 = Debug|Any CPU
		{8D16E5D6-E3F7-44B9-98D2-4DE5B35B0E2A}.Release|Any CPU.ActiveCfg = Release|Any CPU
		{8D16E5D6-E3F7-44B9-98D2-4DE5B35B0E2A}.Release|Any CPU.Build.0 = Release|Any CPU
		{97BB0852-6537-4AE5-8EF2-96B812834D7F}.Debug|Any CPU.ActiveCfg = Debug|Any CPU
		{97BB0852-6537-4AE5-8EF2-96B812834D7F}.Debug|Any CPU.Build.0 = Debug|Any CPU
		{97BB0852-6537-4AE5-8EF2-96B812834D7F}.Release|Any CPU.ActiveCfg = Release|Any CPU
		{97BB0852-6537-4AE5-8EF2-96B812834D7F}.Release|Any CPU.Build.0 = Release|Any CPU
		{F2AC8283-FDE4-4F18-B76C-C28579956B8C}.Debug|Any CPU.ActiveCfg = Debug|Any CPU
		{F2AC8283-FDE4-4F18-B76C-C28579956B8C}.Debug|Any CPU.Build.0 = Debug|Any CPU
		{F2AC8283-FDE4-4F18-B76C-C28579956B8C}.Release|Any CPU.ActiveCfg = Release|Any CPU
		{F2AC8283-FDE4-4F18-B76C-C28579956B8C}.Release|Any CPU.Build.0 = Release|Any CPU
		{8DF7C043-730E-4362-AF90-0A58AF6C1A88}.Debug|Any CPU.ActiveCfg = Debug|Any CPU
		{8DF7C043-730E-4362-AF90-0A58AF6C1A88}.Debug|Any CPU.Build.0 = Debug|Any CPU
		{8DF7C043-730E-4362-AF90-0A58AF6C1A88}.Release|Any CPU.ActiveCfg = Release|Any CPU
		{8DF7C043-730E-4362-AF90-0A58AF6C1A88}.Release|Any CPU.Build.0 = Release|Any CPU
		{1D3D7C32-0A95-4143-8125-D7C400C80B8B}.Debug|Any CPU.ActiveCfg = Debug|Any CPU
		{1D3D7C32-0A95-4143-8125-D7C400C80B8B}.Debug|Any CPU.Build.0 = Debug|Any CPU
		{1D3D7C32-0A95-4143-8125-D7C400C80B8B}.Release|Any CPU.ActiveCfg = Release|Any CPU
		{1D3D7C32-0A95-4143-8125-D7C400C80B8B}.Release|Any CPU.Build.0 = Release|Any CPU
		{AA22AD9A-DC22-41B7-B12D-A0D3E9CAD61F}.Debug|Any CPU.ActiveCfg = Debug|Any CPU
		{AA22AD9A-DC22-41B7-B12D-A0D3E9CAD61F}.Debug|Any CPU.Build.0 = Debug|Any CPU
		{AA22AD9A-DC22-41B7-B12D-A0D3E9CAD61F}.Release|Any CPU.ActiveCfg = Release|Any CPU
		{AA22AD9A-DC22-41B7-B12D-A0D3E9CAD61F}.Release|Any CPU.Build.0 = Release|Any CPU
		{86AF7802-DBCF-4C08-9325-C37E0548C181}.Debug|Any CPU.ActiveCfg = Debug|Any CPU
		{86AF7802-DBCF-4C08-9325-C37E0548C181}.Debug|Any CPU.Build.0 = Debug|Any CPU
		{86AF7802-DBCF-4C08-9325-C37E0548C181}.Release|Any CPU.ActiveCfg = Release|Any CPU
		{86AF7802-DBCF-4C08-9325-C37E0548C181}.Release|Any CPU.Build.0 = Release|Any CPU
		{B48EDFE8-A402-490A-B3DF-D7BE9EA5950A}.Debug|Any CPU.ActiveCfg = Debug|Any CPU
		{B48EDFE8-A402-490A-B3DF-D7BE9EA5950A}.Debug|Any CPU.Build.0 = Debug|Any CPU
		{B48EDFE8-A402-490A-B3DF-D7BE9EA5950A}.Release|Any CPU.ActiveCfg = Release|Any CPU
		{B48EDFE8-A402-490A-B3DF-D7BE9EA5950A}.Release|Any CPU.Build.0 = Release|Any CPU
	EndGlobalSection
	GlobalSection(SolutionProperties) = preSolution
		HideSolutionNode = FALSE
	EndGlobalSection
	GlobalSection(NestedProjects) = preSolution
		{4CFB6C1E-61A1-42F1-A1B4-B5A6682EBA72} = {ECC40811-DCD8-4092-96EB-A31C80EE1569}
		{8D16E5D6-E3F7-44B9-98D2-4DE5B35B0E2A} = {ECC40811-DCD8-4092-96EB-A31C80EE1569}
		{97BB0852-6537-4AE5-8EF2-96B812834D7F} = {ECC40811-DCD8-4092-96EB-A31C80EE1569}
		{F2AC8283-FDE4-4F18-B76C-C28579956B8C} = {69BB4D18-DB58-452B-A050-A8DCD6225E23}
		{8DF7C043-730E-4362-AF90-0A58AF6C1A88} = {69BB4D18-DB58-452B-A050-A8DCD6225E23}
		{1D3D7C32-0A95-4143-8125-D7C400C80B8B} = {69BB4D18-DB58-452B-A050-A8DCD6225E23}
		{AA22AD9A-DC22-41B7-B12D-A0D3E9CAD61F} = {B2D6DF7E-C256-4963-B1C8-610FA2CE5E0D}
		{86AF7802-DBCF-4C08-9325-C37E0548C181} = {B2D6DF7E-C256-4963-B1C8-610FA2CE5E0D}
		{B48EDFE8-A402-490A-B3DF-D7BE9EA5950A} = {B2D6DF7E-C256-4963-B1C8-610FA2CE5E0D}
	EndGlobalSection
	GlobalSection(ExtensibilityGlobals) = postSolution
		SolutionGuid = {7D54312F-EFF6-4541-AC0A-06C36DF7D589}
	EndGlobalSection
EndGlobal
